// !$*UTF8*$!
{
	archiveVersion = 1;
	classes = {
	};
	objectVersion = 50;
	objects = {

/* Begin PBXBuildFile section */
		4A16757F228C0AC300127036 /* AppDelegate.swift in Sources */ = {isa = PBXBuildFile; fileRef = 4A16757E228C0AC300127036 /* AppDelegate.swift */; };
		4A167581228C0AC300127036 /* SearchViewController.swift in Sources */ = {isa = PBXBuildFile; fileRef = 4A167580228C0AC300127036 /* SearchViewController.swift */; };
		4A167584228C0AC300127036 /* Main.storyboard in Resources */ = {isa = PBXBuildFile; fileRef = 4A167582228C0AC300127036 /* Main.storyboard */; };
		4A167587228C0AC300127036 /* MovieSearch.xcdatamodeld in Sources */ = {isa = PBXBuildFile; fileRef = 4A167585228C0AC300127036 /* MovieSearch.xcdatamodeld */; };
		4A167589228C0AC400127036 /* Assets.xcassets in Resources */ = {isa = PBXBuildFile; fileRef = 4A167588228C0AC400127036 /* Assets.xcassets */; };
		4A16758C228C0AC400127036 /* LaunchScreen.storyboard in Resources */ = {isa = PBXBuildFile; fileRef = 4A16758A228C0AC400127036 /* LaunchScreen.storyboard */; };
		4A167597228C0AC400127036 /* MovieSearchTests.swift in Sources */ = {isa = PBXBuildFile; fileRef = 4A167596228C0AC400127036 /* MovieSearchTests.swift */; };
		4A1675A4228C0ACC00127036 /* CloudKit.framework in Frameworks */ = {isa = PBXBuildFile; fileRef = 4A1675A3228C0ACC00127036 /* CloudKit.framework */; };
		4A1675AF228C0BDD00127036 /* Coordinator.swift in Sources */ = {isa = PBXBuildFile; fileRef = 4A1675AE228C0BDD00127036 /* Coordinator.swift */; };
		4A1675B1228C0C2200127036 /* Storyboarded.swift in Sources */ = {isa = PBXBuildFile; fileRef = 4A1675B0228C0C2200127036 /* Storyboarded.swift */; };
		4A1675B4228C0DB800127036 /* SearchCoordinator.swift in Sources */ = {isa = PBXBuildFile; fileRef = 4A1675B3228C0DB800127036 /* SearchCoordinator.swift */; };
		4A1675B6228C114A00127036 /* MainTabBarController.swift in Sources */ = {isa = PBXBuildFile; fileRef = 4A1675B5228C114A00127036 /* MainTabBarController.swift */; };
		4A1675BA228C12EB00127036 /* SavedViewController.swift in Sources */ = {isa = PBXBuildFile; fileRef = 4A1675B9228C12EB00127036 /* SavedViewController.swift */; };
		4A1675BC228C167100127036 /* SavedCoordinator.swift in Sources */ = {isa = PBXBuildFile; fileRef = 4A1675BB228C167100127036 /* SavedCoordinator.swift */; };
		4A1675BE228C292800127036 /* Enums.swift in Sources */ = {isa = PBXBuildFile; fileRef = 4A1675BD228C292800127036 /* Enums.swift */; };
		4A1675C3228C2B5B00127036 /* SearchView.swift in Sources */ = {isa = PBXBuildFile; fileRef = 4A1675C2228C2B5B00127036 /* SearchView.swift */; };
		4A1675C5228C2E1B00127036 /* UsableFonts.swift in Sources */ = {isa = PBXBuildFile; fileRef = 4A1675C4228C2E1B00127036 /* UsableFonts.swift */; };
		4A1675C8228C416F00127036 /* SearchField.swift in Sources */ = {isa = PBXBuildFile; fileRef = 4A1675C7228C416F00127036 /* SearchField.swift */; };
		4A1675CA228C42DB00127036 /* UsableColours.swift in Sources */ = {isa = PBXBuildFile; fileRef = 4A1675C9228C42DB00127036 /* UsableColours.swift */; };
		4A1675CD228D3FF900127036 /* UsableAnimations.swift in Sources */ = {isa = PBXBuildFile; fileRef = 4A1675CC228D3FF900127036 /* UsableAnimations.swift */; };
		4A1675D5228D5B3800127036 /* RecentSearchResultsTableViewDelegate.swift in Sources */ = {isa = PBXBuildFile; fileRef = 4A1675D4228D5B3800127036 /* RecentSearchResultsTableViewDelegate.swift */; };
		4A1675D8228D6EDB00127036 /* ResultsDataHandler.swift in Sources */ = {isa = PBXBuildFile; fileRef = 4A1675D7228D6EDB00127036 /* ResultsDataHandler.swift */; };
/* End PBXBuildFile section */

/* Begin PBXContainerItemProxy section */
		4A167593228C0AC400127036 /* PBXContainerItemProxy */ = {
			isa = PBXContainerItemProxy;
			containerPortal = 4A167573228C0AC300127036 /* Project object */;
			proxyType = 1;
			remoteGlobalIDString = 4A16757A228C0AC300127036;
			remoteInfo = MovieSearch;
		};
/* End PBXContainerItemProxy section */

/* Begin PBXFileReference section */
		4A16757B228C0AC300127036 /* MovieSearch.app */ = {isa = PBXFileReference; explicitFileType = wrapper.application; includeInIndex = 0; path = MovieSearch.app; sourceTree = BUILT_PRODUCTS_DIR; };
		4A16757E228C0AC300127036 /* AppDelegate.swift */ = {isa = PBXFileReference; lastKnownFileType = sourcecode.swift; path = AppDelegate.swift; sourceTree = "<group>"; };
		4A167580228C0AC300127036 /* SearchViewController.swift */ = {isa = PBXFileReference; lastKnownFileType = sourcecode.swift; path = SearchViewController.swift; sourceTree = "<group>"; };
		4A167583228C0AC300127036 /* Base */ = {isa = PBXFileReference; lastKnownFileType = file.storyboard; name = Base; path = Base.lproj/Main.storyboard; sourceTree = "<group>"; };
		4A167586228C0AC300127036 /* MovieSearch.xcdatamodel */ = {isa = PBXFileReference; lastKnownFileType = wrapper.xcdatamodel; path = MovieSearch.xcdatamodel; sourceTree = "<group>"; };
		4A167588228C0AC400127036 /* Assets.xcassets */ = {isa = PBXFileReference; lastKnownFileType = folder.assetcatalog; path = Assets.xcassets; sourceTree = "<group>"; };
		4A16758B228C0AC400127036 /* Base */ = {isa = PBXFileReference; lastKnownFileType = file.storyboard; name = Base; path = Base.lproj/LaunchScreen.storyboard; sourceTree = "<group>"; };
		4A16758D228C0AC400127036 /* Info.plist */ = {isa = PBXFileReference; lastKnownFileType = text.plist.xml; path = Info.plist; sourceTree = "<group>"; };
		4A167592228C0AC400127036 /* MovieSearchTests.xctest */ = {isa = PBXFileReference; explicitFileType = wrapper.cfbundle; includeInIndex = 0; path = MovieSearchTests.xctest; sourceTree = BUILT_PRODUCTS_DIR; };
		4A167596228C0AC400127036 /* MovieSearchTests.swift */ = {isa = PBXFileReference; lastKnownFileType = sourcecode.swift; path = MovieSearchTests.swift; sourceTree = "<group>"; };
		4A167598228C0AC400127036 /* Info.plist */ = {isa = PBXFileReference; lastKnownFileType = text.plist.xml; path = Info.plist; sourceTree = "<group>"; };
		4A1675A1228C0ACA00127036 /* MovieSearch.entitlements */ = {isa = PBXFileReference; lastKnownFileType = text.plist.entitlements; path = MovieSearch.entitlements; sourceTree = "<group>"; };
		4A1675A3228C0ACC00127036 /* CloudKit.framework */ = {isa = PBXFileReference; lastKnownFileType = wrapper.framework; name = CloudKit.framework; path = System/Library/Frameworks/CloudKit.framework; sourceTree = SDKROOT; };
		4A1675AE228C0BDD00127036 /* Coordinator.swift */ = {isa = PBXFileReference; lastKnownFileType = sourcecode.swift; path = Coordinator.swift; sourceTree = "<group>"; };
		4A1675B0228C0C2200127036 /* Storyboarded.swift */ = {isa = PBXFileReference; lastKnownFileType = sourcecode.swift; path = Storyboarded.swift; sourceTree = "<group>"; };
		4A1675B3228C0DB800127036 /* SearchCoordinator.swift */ = {isa = PBXFileReference; lastKnownFileType = sourcecode.swift; path = SearchCoordinator.swift; sourceTree = "<group>"; };
		4A1675B5228C114A00127036 /* MainTabBarController.swift */ = {isa = PBXFileReference; lastKnownFileType = sourcecode.swift; path = MainTabBarController.swift; sourceTree = "<group>"; };
		4A1675B9228C12EB00127036 /* SavedViewController.swift */ = {isa = PBXFileReference; lastKnownFileType = sourcecode.swift; name = SavedViewController.swift; path = MovieSearch/Controllers/ViewControllers/SavedViewController.swift; sourceTree = SOURCE_ROOT; };
		4A1675BB228C167100127036 /* SavedCoordinator.swift */ = {isa = PBXFileReference; lastKnownFileType = sourcecode.swift; path = SavedCoordinator.swift; sourceTree = "<group>"; };
		4A1675BD228C292800127036 /* Enums.swift */ = {isa = PBXFileReference; lastKnownFileType = sourcecode.swift; name = Enums.swift; path = MovieSearch/Models/Enums.swift; sourceTree = SOURCE_ROOT; };
		4A1675C2228C2B5B00127036 /* SearchView.swift */ = {isa = PBXFileReference; lastKnownFileType = sourcecode.swift; path = SearchView.swift; sourceTree = "<group>"; };
		4A1675C4228C2E1B00127036 /* UsableFonts.swift */ = {isa = PBXFileReference; lastKnownFileType = sourcecode.swift; path = UsableFonts.swift; sourceTree = "<group>"; };
		4A1675C7228C416F00127036 /* SearchField.swift */ = {isa = PBXFileReference; lastKnownFileType = sourcecode.swift; path = SearchField.swift; sourceTree = "<group>"; };
		4A1675C9228C42DB00127036 /* UsableColours.swift */ = {isa = PBXFileReference; lastKnownFileType = sourcecode.swift; path = UsableColours.swift; sourceTree = "<group>"; };
		4A1675CC228D3FF900127036 /* UsableAnimations.swift */ = {isa = PBXFileReference; lastKnownFileType = sourcecode.swift; path = UsableAnimations.swift; sourceTree = "<group>"; };
		4A1675D4228D5B3800127036 /* RecentSearchResultsTableViewDelegate.swift */ = {isa = PBXFileReference; lastKnownFileType = sourcecode.swift; path = RecentSearchResultsTableViewDelegate.swift; sourceTree = "<group>"; };
		4A1675D7228D6EDB00127036 /* ResultsDataHandler.swift */ = {isa = PBXFileReference; lastKnownFileType = sourcecode.swift; path = ResultsDataHandler.swift; sourceTree = "<group>"; };
/* End PBXFileReference section */

/* Begin PBXFrameworksBuildPhase section */
		4A167578228C0AC300127036 /* Frameworks */ = {
			isa = PBXFrameworksBuildPhase;
			buildActionMask = 2147483647;
			files = (
				4A1675A4228C0ACC00127036 /* CloudKit.framework in Frameworks */,
			);
			runOnlyForDeploymentPostprocessing = 0;
		};
		4A16758F228C0AC400127036 /* Frameworks */ = {
			isa = PBXFrameworksBuildPhase;
			buildActionMask = 2147483647;
			files = (
			);
			runOnlyForDeploymentPostprocessing = 0;
		};
/* End PBXFrameworksBuildPhase section */

/* Begin PBXGroup section */
		4A167572228C0AC300127036 = {
			isa = PBXGroup;
			children = (
				4A1675C6228C2E2200127036 /* Extentions */,
				4A1675A2228C0ACC00127036 /* Frameworks */,
				4A16757D228C0AC300127036 /* MovieSearch */,
				4A167595228C0AC400127036 /* MovieSearchTests */,
				4A16757C228C0AC300127036 /* Products */,
			);
			sourceTree = "<group>";
		};
		4A16757C228C0AC300127036 /* Products */ = {
			isa = PBXGroup;
			children = (
				4A16757B228C0AC300127036 /* MovieSearch.app */,
				4A167592228C0AC400127036 /* MovieSearchTests.xctest */,
			);
			name = Products;
			sourceTree = "<group>";
		};
		4A16757D228C0AC300127036 /* MovieSearch */ = {
			isa = PBXGroup;
			children = (
				4A1675D2228D5A8200127036 /* Delegates */,
				4A1675CB228C442700127036 /* Usables */,
				4A1675A1228C0ACA00127036 /* MovieSearch.entitlements */,
				4A1675B2228C0D9E00127036 /* Protocols */,
				4A1675A9228C0B0600127036 /* AppDelegate */,
				4A1675AB228C0B2900127036 /* Assets */,
				4A1675A5228C0AEB00127036 /* Controllers */,
				4A1675A8228C0AFB00127036 /* Coordinators */,
				4A1675AD228C0B5500127036 /* Misc */,
				4A1675A7228C0AF400127036 /* Models */,
				4A1675AC228C0B3E00127036 /* Persistence */,
				4A1675A6228C0AF000127036 /* Views */,
			);
			path = MovieSearch;
			sourceTree = "<group>";
		};
		4A167595228C0AC400127036 /* MovieSearchTests */ = {
			isa = PBXGroup;
			children = (
				4A167596228C0AC400127036 /* MovieSearchTests.swift */,
				4A167598228C0AC400127036 /* Info.plist */,
			);
			path = MovieSearchTests;
			sourceTree = "<group>";
		};
		4A1675A2228C0ACC00127036 /* Frameworks */ = {
			isa = PBXGroup;
			children = (
				4A1675A3228C0ACC00127036 /* CloudKit.framework */,
			);
			name = Frameworks;
			sourceTree = "<group>";
		};
		4A1675A5228C0AEB00127036 /* Controllers */ = {
			isa = PBXGroup;
			children = (
				4A1675B8228C115D00127036 /* ViewControllers */,
				4A1675B7228C115100127036 /* TabBarController */,
			);
			path = Controllers;
			sourceTree = "<group>";
		};
		4A1675A6228C0AF000127036 /* Views */ = {
			isa = PBXGroup;
			children = (
				4A1675C1228C2B2F00127036 /* SearchView */,
				4A1675AA228C0B1500127036 /* Storyboards */,
			);
			path = Views;
			sourceTree = "<group>";
		};
		4A1675A7228C0AF400127036 /* Models */ = {
			isa = PBXGroup;
			children = (
				4A1675D6228D6EB800127036 /* ResultsData */,
				4A1675BD228C292800127036 /* Enums.swift */,
			);
			path = Models;
			sourceTree = "<group>";
		};
		4A1675A8228C0AFB00127036 /* Coordinators */ = {
			isa = PBXGroup;
			children = (
				4A1675B3228C0DB800127036 /* SearchCoordinator.swift */,
				4A1675BB228C167100127036 /* SavedCoordinator.swift */,
			);
			path = Coordinators;
			sourceTree = "<group>";
		};
		4A1675A9228C0B0600127036 /* AppDelegate */ = {
			isa = PBXGroup;
			children = (
				4A16757E228C0AC300127036 /* AppDelegate.swift */,
			);
			path = AppDelegate;
			sourceTree = "<group>";
		};
		4A1675AA228C0B1500127036 /* Storyboards */ = {
			isa = PBXGroup;
			children = (
				4A167582228C0AC300127036 /* Main.storyboard */,
				4A16758A228C0AC400127036 /* LaunchScreen.storyboard */,
			);
			path = Storyboards;
			sourceTree = "<group>";
		};
		4A1675AB228C0B2900127036 /* Assets */ = {
			isa = PBXGroup;
			children = (
				4A167588228C0AC400127036 /* Assets.xcassets */,
			);
			path = Assets;
			sourceTree = "<group>";
		};
		4A1675AC228C0B3E00127036 /* Persistence */ = {
			isa = PBXGroup;
			children = (
				4A167585228C0AC300127036 /* MovieSearch.xcdatamodeld */,
			);
			path = Persistence;
			sourceTree = "<group>";
		};
		4A1675AD228C0B5500127036 /* Misc */ = {
			isa = PBXGroup;
			children = (
				4A16758D228C0AC400127036 /* Info.plist */,
			);
			path = Misc;
			sourceTree = "<group>";
		};
		4A1675B2228C0D9E00127036 /* Protocols */ = {
			isa = PBXGroup;
			children = (
				4A1675AE228C0BDD00127036 /* Coordinator.swift */,
				4A1675B0228C0C2200127036 /* Storyboarded.swift */,
			);
			path = Protocols;
			sourceTree = "<group>";
		};
		4A1675B7228C115100127036 /* TabBarController */ = {
			isa = PBXGroup;
			children = (
				4A1675B5228C114A00127036 /* MainTabBarController.swift */,
			);
			path = TabBarController;
			sourceTree = "<group>";
		};
		4A1675B8228C115D00127036 /* ViewControllers */ = {
			isa = PBXGroup;
			children = (
				4A167580228C0AC300127036 /* SearchViewController.swift */,
				4A1675B9228C12EB00127036 /* SavedViewController.swift */,
			);
			path = ViewControllers;
			sourceTree = "<group>";
		};
		4A1675C1228C2B2F00127036 /* SearchView */ = {
			isa = PBXGroup;
			children = (
				4A1675CF228D4DAC00127036 /* SearchBar */,
				4A1675CE228D4DA000127036 /* MainView */,
			);
			path = SearchView;
			sourceTree = "<group>";
		};
		4A1675C6228C2E2200127036 /* Extentions */ = {
			isa = PBXGroup;
			children = (
			);
			path = Extentions;
			sourceTree = "<group>";
		};
		4A1675CB228C442700127036 /* Usables */ = {
			isa = PBXGroup;
			children = (
				4A1675C4228C2E1B00127036 /* UsableFonts.swift */,
				4A1675C9228C42DB00127036 /* UsableColours.swift */,
				4A1675CC228D3FF900127036 /* UsableAnimations.swift */,
			);
			path = Usables;
			sourceTree = "<group>";
		};
		4A1675CE228D4DA000127036 /* MainView */ = {
			isa = PBXGroup;
			children = (
				4A1675C2228C2B5B00127036 /* SearchView.swift */,
			);
			path = MainView;
			sourceTree = "<group>";
		};
		4A1675CF228D4DAC00127036 /* SearchBar */ = {
			isa = PBXGroup;
			children = (
				4A1675C7228C416F00127036 /* SearchField.swift */,
			);
			path = SearchBar;
			sourceTree = "<group>";
		};
		4A1675D2228D5A8200127036 /* Delegates */ = {
			isa = PBXGroup;
			children = (
				4A1675D3228D5A8900127036 /* TableViews */,
			);
			path = Delegates;
			sourceTree = "<group>";
		};
		4A1675D3228D5A8900127036 /* TableViews */ = {
			isa = PBXGroup;
			children = (
				4A1675D4228D5B3800127036 /* RecentSearchResultsTableViewDelegate.swift */,
			);
			path = TableViews;
			sourceTree = "<group>";
		};
		4A1675D6228D6EB800127036 /* ResultsData */ = {
			isa = PBXGroup;
			children = (
				4A1675D7228D6EDB00127036 /* ResultsDataHandler.swift */,
			);
			path = ResultsData;
			sourceTree = "<group>";
		};
/* End PBXGroup section */

/* Begin PBXNativeTarget section */
		4A16757A228C0AC300127036 /* MovieSearch */ = {
			isa = PBXNativeTarget;
			buildConfigurationList = 4A16759B228C0AC400127036 /* Build configuration list for PBXNativeTarget "MovieSearch" */;
			buildPhases = (
				4A167577228C0AC300127036 /* Sources */,
				4A167578228C0AC300127036 /* Frameworks */,
				4A167579228C0AC300127036 /* Resources */,
			);
			buildRules = (
			);
			dependencies = (
			);
			name = MovieSearch;
			productName = MovieSearch;
			productReference = 4A16757B228C0AC300127036 /* MovieSearch.app */;
			productType = "com.apple.product-type.application";
		};
		4A167591228C0AC400127036 /* MovieSearchTests */ = {
			isa = PBXNativeTarget;
			buildConfigurationList = 4A16759E228C0AC400127036 /* Build configuration list for PBXNativeTarget "MovieSearchTests" */;
			buildPhases = (
				4A16758E228C0AC400127036 /* Sources */,
				4A16758F228C0AC400127036 /* Frameworks */,
				4A167590228C0AC400127036 /* Resources */,
			);
			buildRules = (
			);
			dependencies = (
				4A167594228C0AC400127036 /* PBXTargetDependency */,
			);
			name = MovieSearchTests;
			productName = MovieSearchTests;
			productReference = 4A167592228C0AC400127036 /* MovieSearchTests.xctest */;
			productType = "com.apple.product-type.bundle.unit-test";
		};
/* End PBXNativeTarget section */

/* Begin PBXProject section */
		4A167573228C0AC300127036 /* Project object */ = {
			isa = PBXProject;
			attributes = {
				LastSwiftUpdateCheck = 1020;
				LastUpgradeCheck = 1020;
				ORGANIZATIONNAME = "Tom Murray";
				TargetAttributes = {
					4A16757A228C0AC300127036 = {
						CreatedOnToolsVersion = 10.2.1;
						SystemCapabilities = {
							com.apple.Push = {
								enabled = 1;
							};
							com.apple.iCloud = {
								enabled = 1;
							};
						};
					};
					4A167591228C0AC400127036 = {
						CreatedOnToolsVersion = 10.2.1;
						TestTargetID = 4A16757A228C0AC300127036;
					};
				};
			};
			buildConfigurationList = 4A167576228C0AC300127036 /* Build configuration list for PBXProject "MovieSearch" */;
			compatibilityVersion = "Xcode 9.3";
			developmentRegion = en;
			hasScannedForEncodings = 0;
			knownRegions = (
				en,
				Base,
			);
			mainGroup = 4A167572228C0AC300127036;
			productRefGroup = 4A16757C228C0AC300127036 /* Products */;
			projectDirPath = "";
			projectRoot = "";
			targets = (
				4A16757A228C0AC300127036 /* MovieSearch */,
				4A167591228C0AC400127036 /* MovieSearchTests */,
			);
		};
/* End PBXProject section */

/* Begin PBXResourcesBuildPhase section */
		4A167579228C0AC300127036 /* Resources */ = {
			isa = PBXResourcesBuildPhase;
			buildActionMask = 2147483647;
			files = (
				4A16758C228C0AC400127036 /* LaunchScreen.storyboard in Resources */,
				4A167589228C0AC400127036 /* Assets.xcassets in Resources */,
				4A167584228C0AC300127036 /* Main.storyboard in Resources */,
			);
			runOnlyForDeploymentPostprocessing = 0;
		};
		4A167590228C0AC400127036 /* Resources */ = {
			isa = PBXResourcesBuildPhase;
			buildActionMask = 2147483647;
			files = (
			);
			runOnlyForDeploymentPostprocessing = 0;
		};
/* End PBXResourcesBuildPhase section */

/* Begin PBXSourcesBuildPhase section */
		4A167577228C0AC300127036 /* Sources */ = {
			isa = PBXSourcesBuildPhase;
			buildActionMask = 2147483647;
			files = (
				4A1675BC228C167100127036 /* SavedCoordinator.swift in Sources */,
				4A1675AF228C0BDD00127036 /* Coordinator.swift in Sources */,
				4A1675BE228C292800127036 /* Enums.swift in Sources */,
				4A1675B4228C0DB800127036 /* SearchCoordinator.swift in Sources */,
				4A1675C5228C2E1B00127036 /* UsableFonts.swift in Sources */,
				4A167581228C0AC300127036 /* SearchViewController.swift in Sources */,
				4A1675B6228C114A00127036 /* MainTabBarController.swift in Sources */,
				4A1675B1228C0C2200127036 /* Storyboarded.swift in Sources */,
				4A167587228C0AC300127036 /* MovieSearch.xcdatamodeld in Sources */,
				4A1675BA228C12EB00127036 /* SavedViewController.swift in Sources */,
				4A1675C8228C416F00127036 /* SearchField.swift in Sources */,
				4A16757F228C0AC300127036 /* AppDelegate.swift in Sources */,
				4A1675D5228D5B3800127036 /* RecentSearchResultsTableViewDelegate.swift in Sources */,
				4A1675C3228C2B5B00127036 /* SearchView.swift in Sources */,
				4A1675CA228C42DB00127036 /* UsableColours.swift in Sources */,
				4A1675CD228D3FF900127036 /* UsableAnimations.swift in Sources */,
				4A1675D8228D6EDB00127036 /* ResultsDataHandler.swift in Sources */,
			);
			runOnlyForDeploymentPostprocessing = 0;
		};
		4A16758E228C0AC400127036 /* Sources */ = {
			isa = PBXSourcesBuildPhase;
			buildActionMask = 2147483647;
			files = (
				4A167597228C0AC400127036 /* MovieSearchTests.swift in Sources */,
			);
			runOnlyForDeploymentPostprocessing = 0;
		};
/* End PBXSourcesBuildPhase section */

/* Begin PBXTargetDependency section */
		4A167594228C0AC400127036 /* PBXTargetDependency */ = {
			isa = PBXTargetDependency;
			target = 4A16757A228C0AC300127036 /* MovieSearch */;
			targetProxy = 4A167593228C0AC400127036 /* PBXContainerItemProxy */;
		};
/* End PBXTargetDependency section */

/* Begin PBXVariantGroup section */
		4A167582228C0AC300127036 /* Main.storyboard */ = {
			isa = PBXVariantGroup;
			children = (
				4A167583228C0AC300127036 /* Base */,
			);
			name = Main.storyboard;
			sourceTree = "<group>";
		};
		4A16758A228C0AC400127036 /* LaunchScreen.storyboard */ = {
			isa = PBXVariantGroup;
			children = (
				4A16758B228C0AC400127036 /* Base */,
			);
			name = LaunchScreen.storyboard;
			sourceTree = "<group>";
		};
/* End PBXVariantGroup section */

/* Begin XCBuildConfiguration section */
		4A167599228C0AC400127036 /* Debug */ = {
			isa = XCBuildConfiguration;
			buildSettings = {
				ALWAYS_SEARCH_USER_PATHS = NO;
				CLANG_ANALYZER_NONNULL = YES;
				CLANG_ANALYZER_NUMBER_OBJECT_CONVERSION = YES_AGGRESSIVE;
				CLANG_CXX_LANGUAGE_STANDARD = "gnu++14";
				CLANG_CXX_LIBRARY = "libc++";
				CLANG_ENABLE_MODULES = YES;
				CLANG_ENABLE_OBJC_ARC = YES;
				CLANG_ENABLE_OBJC_WEAK = YES;
				CLANG_WARN_BLOCK_CAPTURE_AUTORELEASING = YES;
				CLANG_WARN_BOOL_CONVERSION = YES;
				CLANG_WARN_COMMA = YES;
				CLANG_WARN_CONSTANT_CONVERSION = YES;
				CLANG_WARN_DEPRECATED_OBJC_IMPLEMENTATIONS = YES;
				CLANG_WARN_DIRECT_OBJC_ISA_USAGE = YES_ERROR;
				CLANG_WARN_DOCUMENTATION_COMMENTS = YES;
				CLANG_WARN_EMPTY_BODY = YES;
				CLANG_WARN_ENUM_CONVERSION = YES;
				CLANG_WARN_INFINITE_RECURSION = YES;
				CLANG_WARN_INT_CONVERSION = YES;
				CLANG_WARN_NON_LITERAL_NULL_CONVERSION = YES;
				CLANG_WARN_OBJC_IMPLICIT_RETAIN_SELF = YES;
				CLANG_WARN_OBJC_LITERAL_CONVERSION = YES;
				CLANG_WARN_OBJC_ROOT_CLASS = YES_ERROR;
				CLANG_WARN_RANGE_LOOP_ANALYSIS = YES;
				CLANG_WARN_STRICT_PROTOTYPES = YES;
				CLANG_WARN_SUSPICIOUS_MOVE = YES;
				CLANG_WARN_UNGUARDED_AVAILABILITY = YES_AGGRESSIVE;
				CLANG_WARN_UNREACHABLE_CODE = YES;
				CLANG_WARN__DUPLICATE_METHOD_MATCH = YES;
				CODE_SIGN_IDENTITY = "iPhone Developer";
				COPY_PHASE_STRIP = NO;
				DEBUG_INFORMATION_FORMAT = dwarf;
				ENABLE_STRICT_OBJC_MSGSEND = YES;
				ENABLE_TESTABILITY = YES;
				GCC_C_LANGUAGE_STANDARD = gnu11;
				GCC_DYNAMIC_NO_PIC = NO;
				GCC_NO_COMMON_BLOCKS = YES;
				GCC_OPTIMIZATION_LEVEL = 0;
				GCC_PREPROCESSOR_DEFINITIONS = (
					"DEBUG=1",
					"$(inherited)",
				);
				GCC_WARN_64_TO_32_BIT_CONVERSION = YES;
				GCC_WARN_ABOUT_RETURN_TYPE = YES_ERROR;
				GCC_WARN_UNDECLARED_SELECTOR = YES;
				GCC_WARN_UNINITIALIZED_AUTOS = YES_AGGRESSIVE;
				GCC_WARN_UNUSED_FUNCTION = YES;
				GCC_WARN_UNUSED_VARIABLE = YES;
				IPHONEOS_DEPLOYMENT_TARGET = 12.2;
				MTL_ENABLE_DEBUG_INFO = INCLUDE_SOURCE;
				MTL_FAST_MATH = YES;
				ONLY_ACTIVE_ARCH = YES;
				SDKROOT = iphoneos;
				SWIFT_ACTIVE_COMPILATION_CONDITIONS = DEBUG;
				SWIFT_OPTIMIZATION_LEVEL = "-Onone";
			};
			name = Debug;
		};
		4A16759A228C0AC400127036 /* Release */ = {
			isa = XCBuildConfiguration;
			buildSettings = {
				ALWAYS_SEARCH_USER_PATHS = NO;
				CLANG_ANALYZER_NONNULL = YES;
				CLANG_ANALYZER_NUMBER_OBJECT_CONVERSION = YES_AGGRESSIVE;
				CLANG_CXX_LANGUAGE_STANDARD = "gnu++14";
				CLANG_CXX_LIBRARY = "libc++";
				CLANG_ENABLE_MODULES = YES;
				CLANG_ENABLE_OBJC_ARC = YES;
				CLANG_ENABLE_OBJC_WEAK = YES;
				CLANG_WARN_BLOCK_CAPTURE_AUTORELEASING = YES;
				CLANG_WARN_BOOL_CONVERSION = YES;
				CLANG_WARN_COMMA = YES;
				CLANG_WARN_CONSTANT_CONVERSION = YES;
				CLANG_WARN_DEPRECATED_OBJC_IMPLEMENTATIONS = YES;
				CLANG_WARN_DIRECT_OBJC_ISA_USAGE = YES_ERROR;
				CLANG_WARN_DOCUMENTATION_COMMENTS = YES;
				CLANG_WARN_EMPTY_BODY = YES;
				CLANG_WARN_ENUM_CONVERSION = YES;
				CLANG_WARN_INFINITE_RECURSION = YES;
				CLANG_WARN_INT_CONVERSION = YES;
				CLANG_WARN_NON_LITERAL_NULL_CONVERSION = YES;
				CLANG_WARN_OBJC_IMPLICIT_RETAIN_SELF = YES;
				CLANG_WARN_OBJC_LITERAL_CONVERSION = YES;
				CLANG_WARN_OBJC_ROOT_CLASS = YES_ERROR;
				CLANG_WARN_RANGE_LOOP_ANALYSIS = YES;
				CLANG_WARN_STRICT_PROTOTYPES = YES;
				CLANG_WARN_SUSPICIOUS_MOVE = YES;
				CLANG_WARN_UNGUARDED_AVAILABILITY = YES_AGGRESSIVE;
				CLANG_WARN_UNREACHABLE_CODE = YES;
				CLANG_WARN__DUPLICATE_METHOD_MATCH = YES;
				CODE_SIGN_IDENTITY = "iPhone Developer";
				COPY_PHASE_STRIP = NO;
				DEBUG_INFORMATION_FORMAT = "dwarf-with-dsym";
				ENABLE_NS_ASSERTIONS = NO;
				ENABLE_STRICT_OBJC_MSGSEND = YES;
				GCC_C_LANGUAGE_STANDARD = gnu11;
				GCC_NO_COMMON_BLOCKS = YES;
				GCC_WARN_64_TO_32_BIT_CONVERSION = YES;
				GCC_WARN_ABOUT_RETURN_TYPE = YES_ERROR;
				GCC_WARN_UNDECLARED_SELECTOR = YES;
				GCC_WARN_UNINITIALIZED_AUTOS = YES_AGGRESSIVE;
				GCC_WARN_UNUSED_FUNCTION = YES;
				GCC_WARN_UNUSED_VARIABLE = YES;
				IPHONEOS_DEPLOYMENT_TARGET = 12.2;
				MTL_ENABLE_DEBUG_INFO = NO;
				MTL_FAST_MATH = YES;
				SDKROOT = iphoneos;
				SWIFT_COMPILATION_MODE = wholemodule;
				SWIFT_OPTIMIZATION_LEVEL = "-O";
				VALIDATE_PRODUCT = YES;
			};
			name = Release;
		};
		4A16759C228C0AC400127036 /* Debug */ = {
			isa = XCBuildConfiguration;
			buildSettings = {
				ASSETCATALOG_COMPILER_APPICON_NAME = AppIcon;
				CODE_SIGN_ENTITLEMENTS = MovieSearch/MovieSearch.entitlements;
				CODE_SIGN_STYLE = Automatic;
				DEVELOPMENT_TEAM = 2392YT52CQ;
				INFOPLIST_FILE = "$(SRCROOT)/MovieSearch/Misc/Info.plist";
				LD_RUNPATH_SEARCH_PATHS = (
					"$(inherited)",
					"@executable_path/Frameworks",
				);
				PRODUCT_BUNDLE_IDENTIFIER = tommurray.MovieSearch;
				PRODUCT_NAME = "$(TARGET_NAME)";
				SWIFT_VERSION = 5.0;
				TARGETED_DEVICE_FAMILY = "1,2";
			};
			name = Debug;
		};
		4A16759D228C0AC400127036 /* Release */ = {
			isa = XCBuildConfiguration;
			buildSettings = {
				ASSETCATALOG_COMPILER_APPICON_NAME = AppIcon;
				CODE_SIGN_ENTITLEMENTS = MovieSearch/MovieSearch.entitlements;
				CODE_SIGN_STYLE = Automatic;
				DEVELOPMENT_TEAM = 2392YT52CQ;
				INFOPLIST_FILE = "$(SRCROOT)/MovieSearch/Misc/Info.plist";
				LD_RUNPATH_SEARCH_PATHS = (
					"$(inherited)",
					"@executable_path/Frameworks",
				);
				PRODUCT_BUNDLE_IDENTIFIER = tommurray.MovieSearch;
				PRODUCT_NAME = "$(TARGET_NAME)";
				SWIFT_VERSION = 5.0;
				TARGETED_DEVICE_FAMILY = "1,2";
			};
			name = Release;
		};
		4A16759F228C0AC400127036 /* Debug */ = {
			isa = XCBuildConfiguration;
			buildSettings = {
				ALWAYS_EMBED_SWIFT_STANDARD_LIBRARIES = YES;
				BUNDLE_LOADER = "$(TEST_HOST)";
				CODE_SIGN_STYLE = Automatic;
				DEVELOPMENT_TEAM = 2392YT52CQ;
				INFOPLIST_FILE = MovieSearchTests/Info.plist;
				LD_RUNPATH_SEARCH_PATHS = (
					"$(inherited)",
					"@executable_path/Frameworks",
					"@loader_path/Frameworks",
				);
				PRODUCT_BUNDLE_IDENTIFIER = tommurray.MovieSearchTests;
				PRODUCT_NAME = "$(TARGET_NAME)";
				SWIFT_VERSION = 5.0;
				TARGETED_DEVICE_FAMILY = "1,2";
				TEST_HOST = "$(BUILT_PRODUCTS_DIR)/MovieSearch.app/MovieSearch";
			};
			name = Debug;
		};
		4A1675A0228C0AC400127036 /* Release */ = {
			isa = XCBuildConfiguration;
			buildSettings = {
				ALWAYS_EMBED_SWIFT_STANDARD_LIBRARIES = YES;
				BUNDLE_LOADER = "$(TEST_HOST)";
				CODE_SIGN_STYLE = Automatic;
				DEVELOPMENT_TEAM = 2392YT52CQ;
				INFOPLIST_FILE = MovieSearchTests/Info.plist;
				LD_RUNPATH_SEARCH_PATHS = (
					"$(inherited)",
					"@executable_path/Frameworks",
					"@loader_path/Frameworks",
				);
				PRODUCT_BUNDLE_IDENTIFIER = tommurray.MovieSearchTests;
				PRODUCT_NAME = "$(TARGET_NAME)";
				SWIFT_VERSION = 5.0;
				TARGETED_DEVICE_FAMILY = "1,2";
				TEST_HOST = "$(BUILT_PRODUCTS_DIR)/MovieSearch.app/MovieSearch";
			};
			name = Release;
		};
/* End XCBuildConfiguration section */

/* Begin XCConfigurationList section */
		4A167576228C0AC300127036 /* Build configuration list for PBXProject "MovieSearch" */ = {
			isa = XCConfigurationList;
			buildConfigurations = (
				4A167599228C0AC400127036 /* Debug */,
				4A16759A228C0AC400127036 /* Release */,
			);
			defaultConfigurationIsVisible = 0;
			defaultConfigurationName = Release;
		};
		4A16759B228C0AC400127036 /* Build configuration list for PBXNativeTarget "MovieSearch" */ = {
			isa = XCConfigurationList;
			buildConfigurations = (
				4A16759C228C0AC400127036 /* Debug */,
				4A16759D228C0AC400127036 /* Release */,
			);
			defaultConfigurationIsVisible = 0;
			defaultConfigurationName = Release;
		};
		4A16759E228C0AC400127036 /* Build configuration list for PBXNativeTarget "MovieSearchTests" */ = {
			isa = XCConfigurationList;
			buildConfigurations = (
				4A16759F228C0AC400127036 /* Debug */,
				4A1675A0228C0AC400127036 /* Release */,
			);
			defaultConfigurationIsVisible = 0;
			defaultConfigurationName = Release;
		};
/* End XCConfigurationList section */

/* Begin XCVersionGroup section */
		4A167585228C0AC300127036 /* MovieSearch.xcdatamodeld */ = {
			isa = XCVersionGroup;
			children = (
				4A167586228C0AC300127036 /* MovieSearch.xcdatamodel */,
			);
			currentVersion = 4A167586228C0AC300127036 /* MovieSearch.xcdatamodel */;
			path = MovieSearch.xcdatamodeld;
			sourceTree = "<group>";
			versionGroupType = wrapper.xcdatamodel;
		};
/* End XCVersionGroup section */
	};
	rootObject = 4A167573228C0AC300127036 /* Project object */;
}
